
Microsoft Visual Studio Solution File, Format Version 12.00
# Visual Studio Version 17
VisualStudioVersion = 17.8.34309.116
MinimumVisualStudioVersion = 10.0.40219.1
Project("{9A19103F-16F7-4668-BE54-9A1E7A4F7556}") = "StudioLaValse.DependencyInjection", "StudioLaValse.DependencyInjection\StudioLaValse.DependencyInjection.csproj", "{A6E31DAB-6FDB-4929-8DE7-9DCB0C934A36}"
EndProject
Project("{FAE04EC0-301F-11D3-BF4B-00C04F79EFBC}") = "StudioLaValse.DependencyInjection.Microsoft", "StudioLaValse.DependencyInjection.Microsoft\StudioLaValse.DependencyInjection.Microsoft.csproj", "{917E61B9-1C67-481C-A043-94014547204A}"
EndProject
Project("{FAE04EC0-301F-11D3-BF4B-00C04F79EFBC}") = "Example.Application", "Example.Application\Example.Application.csproj", "{E22165AC-76B1-46FE-A615-1B4A09BC875C}"
EndProject
Project("{FAE04EC0-301F-11D3-BF4B-00C04F79EFBC}") = "Example.API", "Example.API\Example.API.csproj", "{1571F48F-14DC-4408-9545-9C961F5F19A5}"
EndProject
Project("{FAE04EC0-301F-11D3-BF4B-00C04F79EFBC}") = "Example.ExternalAddins", "Example.ExternalAddins\Example.ExternalAddins.csproj", "{BFD7170F-44B5-4B55-8C93-0AD55E7BA7B2}"
EndProject
Global
	GlobalSection(SolutionConfigurationPlatforms) = preSolution
		Debug|Any CPU = Debug|Any CPU
		Release|Any CPU = Release|Any CPU
	EndGlobalSection
	GlobalSection(ProjectConfigurationPlatforms) = postSolution
		{A6E31DAB-6FDB-4929-8DE7-9DCB0C934A36}.Debug|Any CPU.ActiveCfg = Debug|Any CPU
		{A6E31DAB-6FDB-4929-8DE7-9DCB0C934A36}.Debug|Any CPU.Build.0 = Debug|Any CPU
		{A6E31DAB-6FDB-4929-8DE7-9DCB0C934A36}.Release|Any CPU.ActiveCfg = Release|Any CPU
		{A6E31DAB-6FDB-4929-8DE7-9DCB0C934A36}.Release|Any CPU.Build.0 = Release|Any CPU
		{917E61B9-1C67-481C-A043-94014547204A}.Debug|Any CPU.ActiveCfg = Debug|Any CPU
		{917E61B9-1C67-481C-A043-94014547204A}.Debug|Any CPU.Build.0 = Debug|Any CPU
		{917E61B9-1C67-481C-A043-94014547204A}.Release|Any CPU.ActiveCfg = Release|Any CPU
		{917E61B9-1C67-481C-A043-94014547204A}.Release|Any CPU.Build.0 = Release|Any CPU
		{E22165AC-76B1-46FE-A615-1B4A09BC875C}.Debug|Any CPU.ActiveCfg = Debug|Any CPU
		{E22165AC-76B1-46FE-A615-1B4A09BC875C}.Debug|Any CPU.Build.0 = Debug|Any CPU
		{E22165AC-76B1-46FE-A615-1B4A09BC875C}.Release|Any CPU.ActiveCfg = Release|Any CPU
		{E22165AC-76B1-46FE-A615-1B4A09BC875C}.Release|Any CPU.Build.0 = Release|Any CPU
		{1571F48F-14DC-4408-9545-9C961F5F19A5}.Debug|Any CPU.ActiveCfg = Debug|Any CPU
		{1571F48F-14DC-4408-9545-9C961F5F19A5}.Debug|Any CPU.Build.0 = Debug|Any CPU
		{1571F48F-14DC-4408-9545-9C961F5F19A5}.Release|Any CPU.ActiveCfg = Release|Any CPU
		{1571F48F-14DC-4408-9545-9C961F5F19A5}.Release|Any CPU.Build.0 = Release|Any CPU
		{BFD7170F-44B5-4B55-8C93-0AD55E7BA7B2}.Debug|Any CPU.ActiveCfg = Debug|Any CPU
		{BFD7170F-44B5-4B55-8C93-0AD55E7BA7B2}.Debug|Any CPU.Build.0 = Debug|Any CPU
		{BFD7170F-44B5-4B55-8C93-0AD55E7BA7B2}.Release|Any CPU.ActiveCfg = Release|Any CPU
		{BFD7170F-44B5-4B55-8C93-0AD55E7BA7B2}.Release|Any CPU.Build.0 = Release|Any CPU
	EndGlobalSection
	GlobalSection(SolutionProperties) = preSolution
		HideSolutionNode = FALSE
	EndGlobalSection
	GlobalSection(ExtensibilityGlobals) = postSolution
		SolutionGuid = {48A28FA3-EA6D-4029-8865-5409373C8768}
	EndGlobalSection
EndGlobal
